// !$*UTF8*$!
{
	archiveVersion = 1;
	classes = {
	};
	objectVersion = 46;
	objects = {

/* Begin PBXBuildFile section */
		07DF67731DBD991B00358781 /* AppDelegate.swift in Sources */ = {isa = PBXBuildFile; fileRef = 07DF67721DBD991B00358781 /* AppDelegate.swift */; };
		07DF67751DBD991B00358781 /* ViewController.swift in Sources */ = {isa = PBXBuildFile; fileRef = 07DF67741DBD991B00358781 /* ViewController.swift */; };
		07DF67781DBD991B00358781 /* Main.storyboard in Resources */ = {isa = PBXBuildFile; fileRef = 07DF67761DBD991B00358781 /* Main.storyboard */; };
		07DF677A1DBD991B00358781 /* Assets.xcassets in Resources */ = {isa = PBXBuildFile; fileRef = 07DF67791DBD991B00358781 /* Assets.xcassets */; };
		07DF677D1DBD991B00358781 /* LaunchScreen.storyboard in Resources */ = {isa = PBXBuildFile; fileRef = 07DF677B1DBD991B00358781 /* LaunchScreen.storyboard */; };
		07DF67851DBD993E00358781 /* GooglePlacesAPIClient.swift in Sources */ = {isa = PBXBuildFile; fileRef = 07DF67841DBD993E00358781 /* GooglePlacesAPIClient.swift */; };
		07DF67871DBDA6A500358781 /* Restaurant.swift in Sources */ = {isa = PBXBuildFile; fileRef = 07DF67861DBDA6A500358781 /* Restaurant.swift */; };
		07DF67891DBDB37000358781 /* DataStore.swift in Sources */ = {isa = PBXBuildFile; fileRef = 07DF67881DBDB37000358781 /* DataStore.swift */; };
		07DF678D1DBDB98100358781 /* GoogleService-Info.plist in Resources */ = {isa = PBXBuildFile; fileRef = 07DF678C1DBDB98100358781 /* GoogleService-Info.plist */; };
		A0B1AE214AE9F4B027120CDD /* Pods_RestaurantList.framework in Frameworks */ = {isa = PBXBuildFile; fileRef = 8CDE086EAD5816C89906F8AD /* Pods_RestaurantList.framework */; };
/* End PBXBuildFile section */

/* Begin PBXFileReference section */
		07DF676F1DBD991B00358781 /* RestaurantList.app */ = {isa = PBXFileReference; explicitFileType = wrapper.application; includeInIndex = 0; path = RestaurantList.app; sourceTree = BUILT_PRODUCTS_DIR; };
		07DF67721DBD991B00358781 /* AppDelegate.swift */ = {isa = PBXFileReference; lastKnownFileType = sourcecode.swift; path = AppDelegate.swift; sourceTree = "<group>"; };
		07DF67741DBD991B00358781 /* ViewController.swift */ = {isa = PBXFileReference; lastKnownFileType = sourcecode.swift; path = ViewController.swift; sourceTree = "<group>"; };
		07DF67771DBD991B00358781 /* Base */ = {isa = PBXFileReference; lastKnownFileType = file.storyboard; name = Base; path = Base.lproj/Main.storyboard; sourceTree = "<group>"; };
		07DF67791DBD991B00358781 /* Assets.xcassets */ = {isa = PBXFileReference; lastKnownFileType = folder.assetcatalog; path = Assets.xcassets; sourceTree = "<group>"; };
		07DF677C1DBD991B00358781 /* Base */ = {isa = PBXFileReference; lastKnownFileType = file.storyboard; name = Base; path = Base.lproj/LaunchScreen.storyboard; sourceTree = "<group>"; };
		07DF677E1DBD991B00358781 /* Info.plist */ = {isa = PBXFileReference; lastKnownFileType = text.plist.xml; path = Info.plist; sourceTree = "<group>"; };
		07DF67841DBD993E00358781 /* GooglePlacesAPIClient.swift */ = {isa = PBXFileReference; fileEncoding = 4; lastKnownFileType = sourcecode.swift; path = GooglePlacesAPIClient.swift; sourceTree = "<group>"; };
		07DF67861DBDA6A500358781 /* Restaurant.swift */ = {isa = PBXFileReference; fileEncoding = 4; lastKnownFileType = sourcecode.swift; path = Restaurant.swift; sourceTree = "<group>"; };
		07DF67881DBDB37000358781 /* DataStore.swift */ = {isa = PBXFileReference; fileEncoding = 4; lastKnownFileType = sourcecode.swift; path = DataStore.swift; sourceTree = "<group>"; };
		07DF678C1DBDB98100358781 /* GoogleService-Info.plist */ = {isa = PBXFileReference; fileEncoding = 4; lastKnownFileType = text.plist.xml; path = "GoogleService-Info.plist"; sourceTree = "<group>"; };
		6511ACD9BD47E05B8DD9889C /* Pods-RestaurantList.release.xcconfig */ = {isa = PBXFileReference; includeInIndex = 1; lastKnownFileType = text.xcconfig; name = "Pods-RestaurantList.release.xcconfig"; path = "Pods/Target Support Files/Pods-RestaurantList/Pods-RestaurantList.release.xcconfig"; sourceTree = "<group>"; };
		8CDE086EAD5816C89906F8AD /* Pods_RestaurantList.framework */ = {isa = PBXFileReference; explicitFileType = wrapper.framework; includeInIndex = 0; path = Pods_RestaurantList.framework; sourceTree = BUILT_PRODUCTS_DIR; };
		AB4522CF9953A4F8DAF284E1 /* Pods-RestaurantList.debug.xcconfig */ = {isa = PBXFileReference; includeInIndex = 1; lastKnownFileType = text.xcconfig; name = "Pods-RestaurantList.debug.xcconfig"; path = "Pods/Target Support Files/Pods-RestaurantList/Pods-RestaurantList.debug.xcconfig"; sourceTree = "<group>"; };
/* End PBXFileReference section */

/* Begin PBXFrameworksBuildPhase section */
		07DF676C1DBD991B00358781 /* Frameworks */ = {
			isa = PBXFrameworksBuildPhase;
			buildActionMask = 2147483647;
			files = (
				A0B1AE214AE9F4B027120CDD /* Pods_RestaurantList.framework in Frameworks */,
			);
			runOnlyForDeploymentPostprocessing = 0;
		};
/* End PBXFrameworksBuildPhase section */

/* Begin PBXGroup section */
		07DF67661DBD991B00358781 = {
			isa = PBXGroup;
			children = (
				07DF67711DBD991B00358781 /* RestaurantList */,
				07DF67701DBD991B00358781 /* Products */,
				2F291A898322EAE97E651845 /* Pods */,
				4DD1F06E6B9B4DD3F917212E /* Frameworks */,
			);
			sourceTree = "<group>";
		};
		07DF67701DBD991B00358781 /* Products */ = {
			isa = PBXGroup;
			children = (
				07DF676F1DBD991B00358781 /* RestaurantList.app */,
			);
			name = Products;
			sourceTree = "<group>";
		};
		07DF67711DBD991B00358781 /* RestaurantList */ = {
			isa = PBXGroup;
			children = (
				07DF67721DBD991B00358781 /* AppDelegate.swift */,
				07DF67861DBDA6A500358781 /* Restaurant.swift */,
				07DF67741DBD991B00358781 /* ViewController.swift */,
				07DF67881DBDB37000358781 /* DataStore.swift */,
				07DF67841DBD993E00358781 /* GooglePlacesAPIClient.swift */,
				07DF67761DBD991B00358781 /* Main.storyboard */,
				07DF67791DBD991B00358781 /* Assets.xcassets */,
				07DF677B1DBD991B00358781 /* LaunchScreen.storyboard */,
				07DF677E1DBD991B00358781 /* Info.plist */,
				07DF678C1DBDB98100358781 /* GoogleService-Info.plist */,
			);
			path = RestaurantList;
			sourceTree = "<group>";
		};
		2F291A898322EAE97E651845 /* Pods */ = {
			isa = PBXGroup;
			children = (
				AB4522CF9953A4F8DAF284E1 /* Pods-RestaurantList.debug.xcconfig */,
				6511ACD9BD47E05B8DD9889C /* Pods-RestaurantList.release.xcconfig */,
			);
			name = Pods;
			sourceTree = "<group>";
		};
		4DD1F06E6B9B4DD3F917212E /* Frameworks */ = {
			isa = PBXGroup;
			children = (
				8CDE086EAD5816C89906F8AD /* Pods_RestaurantList.framework */,
			);
			name = Frameworks;
			sourceTree = "<group>";
		};
/* End PBXGroup section */

/* Begin PBXNativeTarget section */
		07DF676E1DBD991B00358781 /* RestaurantList */ = {
			isa = PBXNativeTarget;
			buildConfigurationList = 07DF67811DBD991B00358781 /* Build configuration list for PBXNativeTarget "RestaurantList" */;
			buildPhases = (
				22CD7224CA9FC21E368BFBA2 /* [CP] Check Pods Manifest.lock */,
				07DF676B1DBD991B00358781 /* Sources */,
				07DF676C1DBD991B00358781 /* Frameworks */,
				07DF676D1DBD991B00358781 /* Resources */,
				79ABB03382DF0AB81C9D8623 /* [CP] Embed Pods Frameworks */,
				DB7A6501EED25F35CE4BECEB /* [CP] Copy Pods Resources */,
			);
			buildRules = (
			);
			dependencies = (
			);
			name = RestaurantList;
			productName = RestaurantList;
			productReference = 07DF676F1DBD991B00358781 /* RestaurantList.app */;
			productType = "com.apple.product-type.application";
		};
/* End PBXNativeTarget section */

/* Begin PBXProject section */
		07DF67671DBD991B00358781 /* Project object */ = {
			isa = PBXProject;
			attributes = {
				LastSwiftUpdateCheck = 0800;
				LastUpgradeCheck = 0800;
				ORGANIZATIONNAME = "Erica Gutierrez";
				TargetAttributes = {
					07DF676E1DBD991B00358781 = {
						CreatedOnToolsVersion = 8.0;
						ProvisioningStyle = Automatic;
					};
				};
			};
			buildConfigurationList = 07DF676A1DBD991B00358781 /* Build configuration list for PBXProject "RestaurantList" */;
			compatibilityVersion = "Xcode 3.2";
			developmentRegion = English;
			hasScannedForEncodings = 0;
			knownRegions = (
				en,
				Base,
			);
			mainGroup = 07DF67661DBD991B00358781;
			productRefGroup = 07DF67701DBD991B00358781 /* Products */;
			projectDirPath = "";
			projectRoot = "";
			targets = (
				07DF676E1DBD991B00358781 /* RestaurantList */,
			);
		};
/* End PBXProject section */

/* Begin PBXResourcesBuildPhase section */
		07DF676D1DBD991B00358781 /* Resources */ = {
			isa = PBXResourcesBuildPhase;
			buildActionMask = 2147483647;
			files = (
				07DF677D1DBD991B00358781 /* LaunchScreen.storyboard in Resources */,
				07DF678D1DBDB98100358781 /* GoogleService-Info.plist in Resources */,
				07DF677A1DBD991B00358781 /* Assets.xcassets in Resources */,
				07DF67781DBD991B00358781 /* Main.storyboard in Resources */,
			);
			runOnlyForDeploymentPostprocessing = 0;
		};
/* End PBXResourcesBuildPhase section */

/* Begin PBXShellScriptBuildPhase section */
		22CD7224CA9FC21E368BFBA2 /* [CP] Check Pods Manifest.lock */ = {
			isa = PBXShellScriptBuildPhase;
			buildActionMask = 2147483647;
			files = (
			);
			inputPaths = (
			);
			name = "[CP] Check Pods Manifest.lock";
			outputPaths = (
			);
			runOnlyForDeploymentPostprocessing = 0;
			shellPath = /bin/sh;
			shellScript = "diff \"${PODS_ROOT}/../Podfile.lock\" \"${PODS_ROOT}/Manifest.lock\" > /dev/null\nif [ $? != 0 ] ; then\n    # print error to STDERR\n    echo \"error: The sandbox is not in sync with the Podfile.lock. Run 'pod install' or update your CocoaPods installation.\" >&2\n    exit 1\nfi\n";
			showEnvVarsInLog = 0;
		};
		79ABB03382DF0AB81C9D8623 /* [CP] Embed Pods Frameworks */ = {
			isa = PBXShellScriptBuildPhase;
			buildActionMask = 2147483647;
			files = (
			);
			inputPaths = (
			);
			name = "[CP] Embed Pods Frameworks";
			outputPaths = (
			);
			runOnlyForDeploymentPostprocessing = 0;
			shellPath = /bin/sh;
			shellScript = "\"${SRCROOT}/Pods/Target Support Files/Pods-RestaurantList/Pods-RestaurantList-frameworks.sh\"\n";
			showEnvVarsInLog = 0;
		};
		DB7A6501EED25F35CE4BECEB /* [CP] Copy Pods Resources */ = {
			isa = PBXShellScriptBuildPhase;
			buildActionMask = 2147483647;
			files = (
			);
			inputPaths = (
			);
			name = "[CP] Copy Pods Resources";
			outputPaths = (
			);
			runOnlyForDeploymentPostprocessing = 0;
			shellPath = /bin/sh;
			shellScript = "\"${SRCROOT}/Pods/Target Support Files/Pods-RestaurantList/Pods-RestaurantList-resources.sh\"\n";
			showEnvVarsInLog = 0;
		};
/* End PBXShellScriptBuildPhase section */

/* Begin PBXSourcesBuildPhase section */
		07DF676B1DBD991B00358781 /* Sources */ = {
			isa = PBXSourcesBuildPhase;
			buildActionMask = 2147483647;
			files = (
				07DF67871DBDA6A500358781 /* Restaurant.swift in Sources */,
				07DF67851DBD993E00358781 /* GooglePlacesAPIClient.swift in Sources */,
				07DF67751DBD991B00358781 /* ViewController.swift in Sources */,
				07DF67891DBDB37000358781 /* DataStore.swift in Sources */,
				07DF67731DBD991B00358781 /* AppDelegate.swift in Sources */,
			);
			runOnlyForDeploymentPostprocessing = 0;
		};
/* End PBXSourcesBuildPhase section */

/* Begin PBXVariantGroup section */
		07DF67761DBD991B00358781 /* Main.storyboard */ = {
			isa = PBXVariantGroup;
			children = (
				07DF67771DBD991B00358781 /* Base */,
			);
			name = Main.storyboard;
			sourceTree = "<group>";
		};
		07DF677B1DBD991B00358781 /* LaunchScreen.storyboard */ = {
			isa = PBXVariantGroup;
			children = (
				07DF677C1DBD991B00358781 /* Base */,
			);
			name = LaunchScreen.storyboard;
			sourceTree = "<group>";
		};
/* End PBXVariantGroup section */

/* Begin XCBuildConfiguration section */
		07DF677F1DBD991B00358781 /* Debug */ = {
			isa = XCBuildConfiguration;
			buildSettings = {
				ALWAYS_SEARCH_USER_PATHS = NO;
				CLANG_ANALYZER_NONNULL = YES;
				CLANG_CXX_LANGUAGE_STANDARD = "gnu++0x";
				CLANG_CXX_LIBRARY = "libc++";
				CLANG_ENABLE_MODULES = YES;
				CLANG_ENABLE_OBJC_ARC = YES;
				CLANG_WARN_BOOL_CONVERSION = YES;
				CLANG_WARN_CONSTANT_CONVERSION = YES;
				CLANG_WARN_DIRECT_OBJC_ISA_USAGE = YES_ERROR;
				CLANG_WARN_DOCUMENTATION_COMMENTS = YES;
				CLANG_WARN_EMPTY_BODY = YES;
				CLANG_WARN_ENUM_CONVERSION = YES;
				CLANG_WARN_INFINITE_RECURSION = YES;
				CLANG_WARN_INT_CONVERSION = YES;
				CLANG_WARN_OBJC_ROOT_CLASS = YES_ERROR;
				CLANG_WARN_SUSPICIOUS_MOVES = YES;
				CLANG_WARN_UNREACHABLE_CODE = YES;
				CLANG_WARN__DUPLICATE_METHOD_MATCH = YES;
				"CODE_SIGN_IDENTITY[sdk=iphoneos*]" = "iPhone Developer";
				COPY_PHASE_STRIP = NO;
				DEBUG_INFORMATION_FORMAT = dwarf;
				ENABLE_STRICT_OBJC_MSGSEND = YES;
				ENABLE_TESTABILITY = YES;
				GCC_C_LANGUAGE_STANDARD = gnu99;
				GCC_DYNAMIC_NO_PIC = NO;
				GCC_NO_COMMON_BLOCKS = YES;
				GCC_OPTIMIZATION_LEVEL = 0;
				GCC_PREPROCESSOR_DEFINITIONS = (
					"DEBUG=1",
					"$(inherited)",
				);
				GCC_WARN_64_TO_32_BIT_CONVERSION = YES;
				GCC_WARN_ABOUT_RETURN_TYPE = YES_ERROR;
				GCC_WARN_UNDECLARED_SELECTOR = YES;
				GCC_WARN_UNINITIALIZED_AUTOS = YES_AGGRESSIVE;
				GCC_WARN_UNUSED_FUNCTION = YES;
				GCC_WARN_UNUSED_VARIABLE = YES;
				IPHONEOS_DEPLOYMENT_TARGET = 10.0;
				MTL_ENABLE_DEBUG_INFO = YES;
				ONLY_ACTIVE_ARCH = YES;
				SDKROOT = iphoneos;
				SWIFT_ACTIVE_COMPILATION_CONDITIONS = DEBUG;
				SWIFT_OPTIMIZATION_LEVEL = "-Onone";
			};
			name = Debug;
		};
		07DF67801DBD991B00358781 /* Release */ = {
			isa = XCBuildConfiguration;
			buildSettings = {
				ALWAYS_SEARCH_USER_PATHS = NO;
				CLANG_ANALYZER_NONNULL = YES;
				CLANG_CXX_LANGUAGE_STANDARD = "gnu++0x";
				CLANG_CXX_LIBRARY = "libc++";
				CLANG_ENABLE_MODULES = YES;
				CLANG_ENABLE_OBJC_ARC = YES;
				CLANG_WARN_BOOL_CONVERSION = YES;
				CLANG_WARN_CONSTANT_CONVERSION = YES;
				CLANG_WARN_DIRECT_OBJC_ISA_USAGE = YES_ERROR;
				CLANG_WARN_DOCUMENTATION_COMMENTS = YES;
				CLANG_WARN_EMPTY_BODY = YES;
				CLANG_WARN_ENUM_CONVERSION = YES;
				CLANG_WARN_INFINITE_RECURSION = YES;
				CLANG_WARN_INT_CONVERSION = YES;
				CLANG_WARN_OBJC_ROOT_CLASS = YES_ERROR;
				CLANG_WARN_SUSPICIOUS_MOVES = YES;
				CLANG_WARN_UNREACHABLE_CODE = YES;
				CLANG_WARN__DUPLICATE_METHOD_MATCH = YES;
				"CODE_SIGN_IDENTITY[sdk=iphoneos*]" = "iPhone Developer";
				COPY_PHASE_STRIP = NO;
				DEBUG_INFORMATION_FORMAT = "dwarf-with-dsym";
				ENABLE_NS_ASSERTIONS = NO;
				ENABLE_STRICT_OBJC_MSGSEND = YES;
				GCC_C_LANGUAGE_STANDARD = gnu99;
				GCC_NO_COMMON_BLOCKS = YES;
				GCC_WARN_64_TO_32_BIT_CONVERSION = YES;
				GCC_WARN_ABOUT_RETURN_TYPE = YES_ERROR;
				GCC_WARN_UNDECLARED_SELECTOR = YES;
				GCC_WARN_UNINITIALIZED_AUTOS = YES_AGGRESSIVE;
				GCC_WARN_UNUSED_FUNCTION = YES;
				GCC_WARN_UNUSED_VARIABLE = YES;
				IPHONEOS_DEPLOYMENT_TARGET = 10.0;
				MTL_ENABLE_DEBUG_INFO = NO;
				SDKROOT = iphoneos;
				SWIFT_OPTIMIZATION_LEVEL = "-Owholemodule";
				VALIDATE_PRODUCT = YES;
			};
			name = Release;
		};
		07DF67821DBD991B00358781 /* Debug */ = {
			isa = XCBuildConfiguration;
			baseConfigurationReference = AB4522CF9953A4F8DAF284E1 /* Pods-RestaurantList.debug.xcconfig */;
			buildSettings = {
				ASSETCATALOG_COMPILER_APPICON_NAME = AppIcon;
				INFOPLIST_FILE = RestaurantList/Info.plist;
				LD_RUNPATH_SEARCH_PATHS = "$(inherited) @executable_path/Frameworks";
				PRODUCT_BUNDLE_IDENTIFIER = com.ericagutierrez.RestaurantList;
				PRODUCT_NAME = "$(TARGET_NAME)";
				SWIFT_VERSION = 3.0;
			};
			name = Debug;
		};
		07DF67831DBD991B00358781 /* Release */ = {
			isa = XCBuildConfiguration;
			baseConfigurationReference = 6511ACD9BD47E05B8DD9889C /* Pods-RestaurantList.release.xcconfig */;
			buildSettings = {
				ASSETCATALOG_COMPILER_APPICON_NAME = AppIcon;
				INFOPLIST_FILE = RestaurantList/Info.plist;
				LD_RUNPATH_SEARCH_PATHS = "$(inherited) @executable_path/Frameworks";
				PRODUCT_BUNDLE_IDENTIFIER = com.ericagutierrez.RestaurantList;
				PRODUCT_NAME = "$(TARGET_NAME)";
				SWIFT_VERSION = 3.0;
			};
			name = Release;
		};
/* End XCBuildConfiguration section */

/* Begin XCConfigurationList section */
		07DF676A1DBD991B00358781 /* Build configuration list for PBXProject "RestaurantList" */ = {
			isa = XCConfigurationList;
			buildConfigurations = (
				07DF677F1DBD991B00358781 /* Debug */,
				07DF67801DBD991B00358781 /* Release */,
			);
			defaultConfigurationIsVisible = 0;
			defaultConfigurationName = Release;
		};
		07DF67811DBD991B00358781 /* Build configuration list for PBXNativeTarget "RestaurantList" */ = {
			isa = XCConfigurationList;
			buildConfigurations = (
				07DF67821DBD991B00358781 /* Debug */,
				07DF67831DBD991B00358781 /* Release */,
			);
			defaultConfigurationIsVisible = 0;
			defaultConfigurationName = Release;
		};
/* End XCConfigurationList section */
	};
	rootObject = 07DF67671DBD991B00358781 /* Project object */;
}
